
Microsoft Visual Studio Solution File, Format Version 12.00
# Visual Studio Version 16
VisualStudioVersion = 16.0.29209.62
MinimumVisualStudioVersion = 10.0.40219.1
Project("{9A19103F-16F7-4668-BE54-9A1E7A4F7556}") = "TwitterTracker", "TwitterTracker\TwitterTracker.csproj", "{73081C94-94FE-4019-8054-369A9D894E11}"
EndProject
Project("{9A19103F-16F7-4668-BE54-9A1E7A4F7556}") = "TwitterTracker.Extract.Urls", "TwitterTracker.Extract.Urls\TwitterTracker.Extract.Urls.csproj", "{2AE1C9FD-0FCC-46E4-8442-94B05539E5FD}"
EndProject
Project("{9A19103F-16F7-4668-BE54-9A1E7A4F7556}") = "TwitterTracker.Utilities.Frequency", "TwitterTracker.Utilities.Frequency\TwitterTracker.Utilities.Frequency.csproj", "{06A3649D-3FAD-48A2-8314-BF404E11CBE7}"
EndProject
Project("{9A19103F-16F7-4668-BE54-9A1E7A4F7556}") = "TwitterTracker.Filter", "TwitterTracker.Filter\TwitterTracker.Filter.csproj", "{F6D71939-35F2-4953-B55B-3005877E0757}"
EndProject
Project("{9A19103F-16F7-4668-BE54-9A1E7A4F7556}") = "TwitterTracker.Core", "TwitterTracker.Core\TwitterTracker.Core.csproj", "{D8777A69-0AC7-47E2-A8BC-7CEED4C822F9}"
EndProject
Project("{9A19103F-16F7-4668-BE54-9A1E7A4F7556}") = "CloudUtility", "CloudUtility\CloudUtility.csproj", "{4D640B8F-FF6E-45B5-94FA-99CCBAC8A7B2}"
EndProject
Project("{9A19103F-16F7-4668-BE54-9A1E7A4F7556}") = "HttpPostUtility", "HttpPostUtility\HttpPostUtility.csproj", "{EDEFFCE8-AF18-4AA8-9A81-4F27C667BBF4}"
EndProject
Project("{E53339B2-1760-4266-BCC7-CA923CBCF16C}") = "docker-compose", "docker-compose.dcproj", "{A587067F-9735-46EA-883B-C9AB12A0779C}"
EndProject
Project("{2150E333-8FDC-42A3-9474-1A3956D46DE8}") = "Solution Items", "Solution Items", "{17B1553C-D538-425D-A2E6-FAA0845B040F}"
	ProjectSection(SolutionItems) = preProject
		run.cmd = run.cmd
		run.ps1 = run.ps1
	EndProjectSection
EndProject
Global
	GlobalSection(SolutionConfigurationPlatforms) = preSolution
		Debug|Any CPU = Debug|Any CPU
		Release|Any CPU = Release|Any CPU
	EndGlobalSection
	GlobalSection(ProjectConfigurationPlatforms) = postSolution
		{73081C94-94FE-4019-8054-369A9D894E11}.Debug|Any CPU.ActiveCfg = Debug|Any CPU
		{73081C94-94FE-4019-8054-369A9D894E11}.Debug|Any CPU.Build.0 = Debug|Any CPU
		{73081C94-94FE-4019-8054-369A9D894E11}.Release|Any CPU.ActiveCfg = Release|Any CPU
		{73081C94-94FE-4019-8054-369A9D894E11}.Release|Any CPU.Build.0 = Release|Any CPU
		{2AE1C9FD-0FCC-46E4-8442-94B05539E5FD}.Debug|Any CPU.ActiveCfg = Debug|Any CPU
		{2AE1C9FD-0FCC-46E4-8442-94B05539E5FD}.Debug|Any CPU.Build.0 = Debug|Any CPU
		{2AE1C9FD-0FCC-46E4-8442-94B05539E5FD}.Release|Any CPU.ActiveCfg = Release|Any CPU
		{2AE1C9FD-0FCC-46E4-8442-94B05539E5FD}.Release|Any CPU.Build.0 = Release|Any CPU
		{06A3649D-3FAD-48A2-8314-BF404E11CBE7}.Debug|Any CPU.ActiveCfg = Debug|Any CPU
		{06A3649D-3FAD-48A2-8314-BF404E11CBE7}.Debug|Any CPU.Build.0 = Debug|Any CPU
		{06A3649D-3FAD-48A2-8314-BF404E11CBE7}.Release|Any CPU.ActiveCfg = Release|Any CPU
		{06A3649D-3FAD-48A2-8314-BF404E11CBE7}.Release|Any CPU.Build.0 = Release|Any CPU
		{F6D71939-35F2-4953-B55B-3005877E0757}.Debug|Any CPU.ActiveCfg = Debug|Any CPU
		{F6D71939-35F2-4953-B55B-3005877E0757}.Debug|Any CPU.Build.0 = Debug|Any CPU
		{F6D71939-35F2-4953-B55B-3005877E0757}.Release|Any CPU.ActiveCfg = Release|Any CPU
		{F6D71939-35F2-4953-B55B-3005877E0757}.Release|Any CPU.Build.0 = Release|Any CPU
		{D8777A69-0AC7-47E2-A8BC-7CEED4C822F9}.Debug|Any CPU.ActiveCfg = Debug|Any CPU
		{D8777A69-0AC7-47E2-A8BC-7CEED4C822F9}.Debug|Any CPU.Build.0 = Debug|Any CPU
		{D8777A69-0AC7-47E2-A8BC-7CEED4C822F9}.Release|Any CPU.ActiveCfg = Release|Any CPU
		{D8777A69-0AC7-47E2-A8BC-7CEED4C822F9}.Release|Any CPU.Build.0 = Release|Any CPU
		{4D640B8F-FF6E-45B5-94FA-99CCBAC8A7B2}.Debug|Any CPU.ActiveCfg = Debug|Any CPU
		{4D640B8F-FF6E-45B5-94FA-99CCBAC8A7B2}.Debug|Any CPU.Build.0 = Debug|Any CPU
		{4D640B8F-FF6E-45B5-94FA-99CCBAC8A7B2}.Release|Any CPU.ActiveCfg = Release|Any CPU
		{4D640B8F-FF6E-45B5-94FA-99CCBAC8A7B2}.Release|Any CPU.Build.0 = Release|Any CPU
		{EDEFFCE8-AF18-4AA8-9A81-4F27C667BBF4}.Debug|Any CPU.ActiveCfg = Debug|Any CPU
		{EDEFFCE8-AF18-4AA8-9A81-4F27C667BBF4}.Debug|Any CPU.Build.0 = Debug|Any CPU
		{EDEFFCE8-AF18-4AA8-9A81-4F27C667BBF4}.Release|Any CPU.ActiveCfg = Release|Any CPU
		{EDEFFCE8-AF18-4AA8-9A81-4F27C667BBF4}.Release|Any CPU.Build.0 = Release|Any CPU
		{A587067F-9735-46EA-883B-C9AB12A0779C}.Debug|Any CPU.ActiveCfg = Debug|Any CPU
		{A587067F-9735-46EA-883B-C9AB12A0779C}.Debug|Any CPU.Build.0 = Debug|Any CPU
		{A587067F-9735-46EA-883B-C9AB12A0779C}.Release|Any CPU.ActiveCfg = Release|Any CPU
		{A587067F-9735-46EA-883B-C9AB12A0779C}.Release|Any CPU.Build.0 = Release|Any CPU
	EndGlobalSection
	GlobalSection(SolutionProperties) = preSolution
		HideSolutionNode = FALSE
	EndGlobalSection
	GlobalSection(ExtensibilityGlobals) = postSolution
		SolutionGuid = {72BD4BF0-BCBA-4259-BAEF-84906D3E86DC}
	EndGlobalSection
EndGlobal
